
Microsoft Visual Studio Solution File, Format Version 12.00
# Visual Studio Version 17
VisualStudioVersion = 17.4.33122.133
MinimumVisualStudioVersion = 10.0.40219.1
Project("{FAE04EC0-301F-11D3-BF4B-00C04F79EFBC}") = "CryptoMarketApi", "CryptoMarketApi\CryptoMarketApi.csproj", "{72C1F468-5B96-4C1B-A7F7-3A7B883DF555}"
EndProject
Global
	GlobalSection(SolutionConfigurationPlatforms) = preSolution
		Debug|Any CPU = Debug|Any CPU
		Release|Any CPU = Release|Any CPU
	EndGlobalSection
	GlobalSection(ProjectConfigurationPlatforms) = postSolution
		{72C1F468-5B96-4C1B-A7F7-3A7B883DF555}.Debug|Any CPU.ActiveCfg = Debug|Any CPU
		{72C1F468-5B96-4C1B-A7F7-3A7B883DF555}.Debug|Any CPU.Build.0 = Debug|Any CPU
		{72C1F468-5B96-4C1B-A7F7-3A7B883DF555}.Release|Any CPU.ActiveCfg = Release|Any CPU
		{72C1F468-5B96-4C1B-A7F7-3A7B883DF555}.Release|Any CPU.Build.0 = Release|Any CPU
	EndGlobalSection
	GlobalSection(SolutionProperties) = preSolution
		HideSolutionNode = FALSE
	EndGlobalSection
	GlobalSection(ExtensibilityGlobals) = postSolution
		SolutionGuid = {870F772F-44FD-4243-AA37-6298B21484B9}
	EndGlobalSection
EndGlobal
